{
    "_readme": [
        "This file locks the dependencies of your project to a known state",
        "Read more about it at https://getcomposer.org/doc/01-basic-usage.md#installing-dependencies",
        "This file is @generated automatically"
    ],
    "content-hash": "8d4816e335dd8ddf1b9300b8bd482e4b",
    "packages": [
        {
            "name": "getkirby/composer-installer",
            "version": "1.2.1",
            "source": {
                "type": "git",
                "url": "https://github.com/getkirby/composer-installer.git",
                "reference": "c98ece30bfba45be7ce457e1102d1b169d922f3d"
            },
            "dist": {
                "type": "zip",
                "url": "https://api.github.com/repos/getkirby/composer-installer/zipball/c98ece30bfba45be7ce457e1102d1b169d922f3d",
                "reference": "c98ece30bfba45be7ce457e1102d1b169d922f3d",
                "shasum": ""
            },
            "require": {
                "composer-plugin-api": "^1.0 || ^2.0"
            },
            "require-dev": {
                "composer/composer": "^1.8 || ^2.0"
            },
            "type": "composer-plugin",
            "extra": {
                "class": "Kirby\\ComposerInstaller\\Plugin"
            },
            "autoload": {
                "psr-4": {
                    "Kirby\\": "src/"
                }
            },
            "notification-url": "https://packagist.org/downloads/",
            "license": [
                "MIT"
            ],
            "description": "Kirby's custom Composer installer for the Kirby CMS and for Kirby plugins",
            "homepage": "https://getkirby.com",
            "support": {
                "issues": "https://github.com/getkirby/composer-installer/issues",
                "source": "https://github.com/getkirby/composer-installer/tree/1.2.1"
            },
            "funding": [
                {
                    "url": "https://getkirby.com/buy",
                    "type": "custom"
                }
            ],
            "time": "2020-12-28T12:54:39+00:00"
        },
        {
            "name": "vanderlee/syllable",
            "version": "1.9.0",
            "source": {
                "type": "git",
                "url": "https://github.com/vanderlee/phpSyllable.git",
                "reference": "ccf6e159a93e521ea0ae7adc51b863cc150283eb"
            },
            "dist": {
                "type": "zip",
                "url": "https://api.github.com/repos/vanderlee/phpSyllable/zipball/ccf6e159a93e521ea0ae7adc51b863cc150283eb",
                "reference": "ccf6e159a93e521ea0ae7adc51b863cc150283eb",
                "shasum": ""
            },
            "require": {
                "ext-dom": "*",
                "ext-json": "*",
                "ext-libxml": "*",
                "ext-mbstring": "*",
                "php": ">=7.1"
            },
            "require-dev": {
                "ext-curl": "*",
                "phpunit/phpunit": "^5.7 || ^6.5 || ^7.5 || ^8.5"
            },
            "type": "library",
            "autoload": {
                "psr-4": {
                    "Vanderlee\\Syllable\\": "src"
                }
            },
            "notification-url": "https://packagist.org/downloads/",
            "license": [
                "MIT"
            ],
            "description": "Text syllable splitting and hyphenation using Frank M. Liang's TeX algorithm.",
            "homepage": "https://github.com/vanderlee/phpSyllable",
            "keywords": [
                "dash",
                "hyphen",
                "hyphenate",
                "hyphenation",
                "language",
                "locale",
                "split",
                "syllable",
                "syllables",
                "text",
                "words"
            ],
            "support": {
                "issues": "https://github.com/vanderlee/phpSyllable/issues",
                "source": "https://github.com/vanderlee/phpSyllable/"
            },
            "time": "2025-04-24T18:50:09+00:00"
        }
    ],
    "packages-dev": [],
    "aliases": [],
    "minimum-stability": "stable",
    "stability-flags": {},
    "prefer-stable": false,
    "prefer-lowest": false,
    "platform": {
        "php": ">=8.1.0"
    },
    "platform-dev": {},
    "plugin-api-version": "2.9.0"
}
